
Microsoft Visual Studio Solution File, Format Version 12.00
# Visual Studio Version 16
VisualStudioVersion = 16.0.30523.141
MinimumVisualStudioVersion = 10.0.40219.1
Project("{8BC9CEB8-8B4A-11D0-8D11-00A0C91BC942}") = "flistastergere1", "flistastergere1\flistastergere1.vcxproj", "{B6257856-4CF3-4272-89A9-3D8609760F79}"
EndProject
Global
	GlobalSection(SolutionConfigurationPlatforms) = preSolution
		Debug|x64 = Debug|x64
		Debug|x86 = Debug|x86
		Release|x64 = Release|x64
		Release|x86 = Release|x86
	EndGlobalSection
	GlobalSection(ProjectConfigurationPlatforms) = postSolution
		{B6257856-4CF3-4272-89A9-3D8609760F79}.Debug|x64.ActiveCfg = Debug|x64
		{B6257856-4CF3-4272-89A9-3D8609760F79}.Debug|x64.Build.0 = Debug|x64
		{B6257856-4CF3-4272-89A9-3D8609760F79}.Debug|x86.ActiveCfg = Debug|Win32
		{B6257856-4CF3-4272-89A9-3D8609760F79}.Debug|x86.Build.0 = Debug|Win32
		{B6257856-4CF3-4272-89A9-3D8609760F79}.Release|x64.ActiveCfg = Release|x64
		{B6257856-4CF3-4272-89A9-3D8609760F79}.Release|x64.Build.0 = Release|x64
		{B6257856-4CF3-4272-89A9-3D8609760F79}.Release|x86.ActiveCfg = Release|Win32
		{B6257856-4CF3-4272-89A9-3D8609760F79}.Release|x86.Build.0 = Release|Win32
	EndGlobalSection
	GlobalSection(SolutionProperties) = preSolution
		HideSolutionNode = FALSE
	EndGlobalSection
	GlobalSection(ExtensibilityGlobals) = postSolution
		SolutionGuid = {B9161E34-2717-4EF8-A4A8-38CFFB915DF9}
	EndGlobalSection
EndGlobal
